{
  "version": 4,
  "terraform_version": "1.5.7",
  "serial": 96,
  "lineage": "f0771cb7-5324-d85d-2000-f0f0d42cbebb",
  "outputs": {
    "bastion_public_ip": {
      "value": "158.158.33.211",
      "type": "string"
    },
    "grafana_tunnel_command": {
      "value": "ssh -L 3000:10.0.2.4:3000 azureuser@158.158.33.211 -i ~/.ssh/eve",
      "type": "string"
    },
    "ssh_vm1": {
      "value": "az network bastion ssh --name football-data-hub-bastion --resource-group football-data-hub-rg --target-ip-address 10.0.1.4 --auth-type ssh-key --username azureuser --ssh-key ~/.ssh/eve",
      "type": "string"
    },
    "ssh_vm2": {
      "value": "az network bastion ssh --name football-data-hub-bastion --resource-group football-data-hub-rg --target-ip-address 10.0.1.5 --auth-type ssh-key --username azureuser --ssh-key ~/.ssh/eve",
      "type": "string"
    },
    "ssh_vm3": {
      "value": "az network bastion ssh --name football-data-hub-bastion --resource-group football-data-hub-rg --target-ip-address 10.0.2.4 --auth-type ssh-key --username azureuser --ssh-key ~/.ssh/eve",
      "type": "string"
    },
    "vm1_private_ip": {
      "value": "10.0.1.4",
      "type": "string"
    },
    "vm2_private_ip": {
      "value": "10.0.1.5",
      "type": "string"
    },
    "vm3_private_ip": {
      "value": "10.0.2.4",
      "type": "string"
    }
  },
  "resources": [
    {
      "mode": "managed",
      "type": "azurerm_resource_group",
      "name": "main",
      "provider": "provider[\"registry.terraform.io/hashicorp/azurerm\"]",
      "instances": [
        {
          "schema_version": 0,
          "attributes": {
            "id": "/subscriptions/cabd595e-1190-4b94-baf2-1b8d38f95924/resourceGroups/football-data-hub-rg",
            "location": "spaincentral",
            "managed_by": "",
            "name": "football-data-hub-rg",
            "tags": {},
            "timeouts": null
          },
          "sensitive_attributes": [],
          "private": "eyJlMmJmYjczMC1lY2FhLTExZTYtOGY4OC0zNDM2M2JjN2M0YzAiOnsiY3JlYXRlIjo1NDAwMDAwMDAwMDAwLCJkZWxldGUiOjU0MDAwMDAwMDAwMDAsInJlYWQiOjMwMDAwMDAwMDAwMCwidXBkYXRlIjo1NDAwMDAwMDAwMDAwfX0="
        }
      ]
    },
    {
      "module": "module.compute",
      "mode": "managed",
      "type": "azurerm_linux_virtual_machine",
      "name": "vm1",
      "provider": "provider[\"registry.terraform.io/hashicorp/azurerm\"]",
      "instances": [
        {
          "schema_version": 0,
          "attributes": {
            "additional_capabilities": [],
            "admin_password": null,
            "admin_ssh_key": [
              {
                "public_key": "ssh-rsa AAAAB3NzaC1yc2EAAAADAQABAAABgQDJtqJ88bKRvhKGw4PDESamn8ja8qlowG6mTTOEs5egoFqou8l2TJd5SNC/09YbTV2dSfyeUqaDEDwiMI9TJ1JlnRvxdv5dJACUhIiWL7GKztLnoWEoI55lJ4u4l9jZeD9STFfGWlAmaceq4vzY94/aJvFZY4xcqoX26ubQUUaO1i2T2KWKNzX5wOpTAq7kVZDj0ALyLTxA1zEDDquKcXLDbZ4OfuyLGSOO4mXzpm+uk6mxyjH3fZViM2XGqYJkuK21fQ10kppFDKSJMsYkRMW2aAd/m1XFjYBRe0oZpSVLWp29fx1NT6udAT3awb/LcMSwkQawhvPoFJK5/VG2b7++uyJH25lBsu4g9LfAHydsP3Wa30BpDIpHUEUjzQObT8FWnVIKfxPnouRHPEdSQRS38qD7e5uMji2nIBN2CTU74RVqhuGqKx4KOziapGAm9V2LDZ25K3PXW4PWksnMiv9QJwgA0DZebVzfnpi4YPMeeZeTWYCem0JDzquzUUCp+Xk= sivonei@192.168.1.22\n",
                "username": "azureuser"
              }
            ],
            "admin_username": "azureuser",
            "allow_extension_operations": true,
            "availability_set_id": "",
            "boot_diagnostics": [],
            "bypass_platform_safety_checks_on_user_schedule_enabled": false,
            "capacity_reservation_group_id": "",
            "computer_name": "football-data-hub-vm1",
            "custom_data": null,
            "dedicated_host_group_id": "",
            "dedicated_host_id": "",
            "disable_password_authentication": true,
            "disk_controller_type": "",
            "edge_zone": "",
            "encryption_at_host_enabled": false,
            "eviction_policy": "",
            "extensions_time_budget": "PT1H30M",
            "gallery_application": [],
            "id": "/subscriptions/cabd595e-1190-4b94-baf2-1b8d38f95924/resourceGroups/football-data-hub-rg/providers/Microsoft.Compute/virtualMachines/football-data-hub-vm1",
            "identity": [],
            "license_type": "",
            "location": "spaincentral",
            "max_bid_price": -1,
            "name": "football-data-hub-vm1",
            "network_interface_ids": [
              "/subscriptions/cabd595e-1190-4b94-baf2-1b8d38f95924/resourceGroups/football-data-hub-rg/providers/Microsoft.Network/networkInterfaces/football-data-hub-vm1-nic"
            ],
            "os_disk": [
              {
                "caching": "ReadWrite",
                "diff_disk_settings": [],
                "disk_encryption_set_id": "",
                "disk_size_gb": 30,
                "name": "football-data-hub-vm1_disk1_b7f58d29539b40238bc0900a8e707a50",
                "secure_vm_disk_encryption_set_id": "",
                "security_encryption_type": "",
                "storage_account_type": "Standard_LRS",
                "write_accelerator_enabled": false
              }
            ],
            "os_image_notification": [],
            "patch_assessment_mode": "ImageDefault",
            "patch_mode": "ImageDefault",
            "plan": [],
            "platform_fault_domain": -1,
            "priority": "Regular",
            "private_ip_address": "10.0.1.4",
            "private_ip_addresses": [
              "10.0.1.4"
            ],
            "provision_vm_agent": true,
            "proximity_placement_group_id": "",
            "public_ip_address": "",
            "public_ip_addresses": [],
            "reboot_setting": "",
            "resource_group_name": "football-data-hub-rg",
            "secret": [],
            "secure_boot_enabled": false,
            "size": "Standard_D2s_v3",
            "source_image_id": "",
            "source_image_reference": [
              {
                "offer": "0001-com-ubuntu-server-jammy",
                "publisher": "Canonical",
                "sku": "22_04-lts",
                "version": "latest"
              }
            ],
            "tags": {},
            "termination_notification": [],
            "timeouts": null,
            "user_data": "",
            "virtual_machine_id": "f94f8c12-2626-42cf-b43c-7a741a490303",
            "virtual_machine_scale_set_id": "",
            "vm_agent_platform_updates_enabled": false,
            "vtpm_enabled": false,
            "zone": ""
          },
          "sensitive_attributes": [],
          "private": "eyJlMmJmYjczMC1lY2FhLTExZTYtOGY4OC0zNDM2M2JjN2M0YzAiOnsiY3JlYXRlIjoyNzAwMDAwMDAwMDAwLCJkZWxldGUiOjI3MDAwMDAwMDAwMDAsInJlYWQiOjMwMDAwMDAwMDAwMCwidXBkYXRlIjoyNzAwMDAwMDAwMDAwfX0=",
          "dependencies": [
            "azurerm_resource_group.main",
            "module.compute.azurerm_network_interface.vm1",
            "module.network.azurerm_subnet.app",
            "module.network.azurerm_virtual_network.main"
          ]
        }
      ]
    },
    {
      "module": "module.compute",
      "mode": "managed",
      "type": "azurerm_linux_virtual_machine",
      "name": "vm2",
      "provider": "provider[\"registry.terraform.io/hashicorp/azurerm\"]",
      "instances": [
        {
          "schema_version": 0,
          "attributes": {
            "additional_capabilities": [],
            "admin_password": null,
            "admin_ssh_key": [
              {
                "public_key": "ssh-rsa AAAAB3NzaC1yc2EAAAADAQABAAABgQDJtqJ88bKRvhKGw4PDESamn8ja8qlowG6mTTOEs5egoFqou8l2TJd5SNC/09YbTV2dSfyeUqaDEDwiMI9TJ1JlnRvxdv5dJACUhIiWL7GKztLnoWEoI55lJ4u4l9jZeD9STFfGWlAmaceq4vzY94/aJvFZY4xcqoX26ubQUUaO1i2T2KWKNzX5wOpTAq7kVZDj0ALyLTxA1zEDDquKcXLDbZ4OfuyLGSOO4mXzpm+uk6mxyjH3fZViM2XGqYJkuK21fQ10kppFDKSJMsYkRMW2aAd/m1XFjYBRe0oZpSVLWp29fx1NT6udAT3awb/LcMSwkQawhvPoFJK5/VG2b7++uyJH25lBsu4g9LfAHydsP3Wa30BpDIpHUEUjzQObT8FWnVIKfxPnouRHPEdSQRS38qD7e5uMji2nIBN2CTU74RVqhuGqKx4KOziapGAm9V2LDZ25K3PXW4PWksnMiv9QJwgA0DZebVzfnpi4YPMeeZeTWYCem0JDzquzUUCp+Xk= sivonei@192.168.1.22\n",
                "username": "azureuser"
              }
            ],
            "admin_username": "azureuser",
            "allow_extension_operations": true,
            "availability_set_id": "",
            "boot_diagnostics": [],
            "bypass_platform_safety_checks_on_user_schedule_enabled": false,
            "capacity_reservation_group_id": "",
            "computer_name": "football-data-hub-vm2",
            "custom_data": null,
            "dedicated_host_group_id": "",
            "dedicated_host_id": "",
            "disable_password_authentication": true,
            "disk_controller_type": "",
            "edge_zone": "",
            "encryption_at_host_enabled": false,
            "eviction_policy": "",
            "extensions_time_budget": "PT1H30M",
            "gallery_application": [],
            "id": "/subscriptions/cabd595e-1190-4b94-baf2-1b8d38f95924/resourceGroups/football-data-hub-rg/providers/Microsoft.Compute/virtualMachines/football-data-hub-vm2",
            "identity": [],
            "license_type": "",
            "location": "spaincentral",
            "max_bid_price": -1,
            "name": "football-data-hub-vm2",
            "network_interface_ids": [
              "/subscriptions/cabd595e-1190-4b94-baf2-1b8d38f95924/resourceGroups/football-data-hub-rg/providers/Microsoft.Network/networkInterfaces/football-data-hub-vm2-nic"
            ],
            "os_disk": [
              {
                "caching": "ReadWrite",
                "diff_disk_settings": [],
                "disk_encryption_set_id": "",
                "disk_size_gb": 30,
                "name": "football-data-hub-vm2_disk1_4168f635aa6a4540b56487bd2595be4e",
                "secure_vm_disk_encryption_set_id": "",
                "security_encryption_type": "",
                "storage_account_type": "Standard_LRS",
                "write_accelerator_enabled": false
              }
            ],
            "os_image_notification": [],
            "patch_assessment_mode": "ImageDefault",
            "patch_mode": "ImageDefault",
            "plan": [],
            "platform_fault_domain": -1,
            "priority": "Regular",
            "private_ip_address": "10.0.1.5",
            "private_ip_addresses": [
              "10.0.1.5"
            ],
            "provision_vm_agent": true,
            "proximity_placement_group_id": "",
            "public_ip_address": "",
            "public_ip_addresses": [],
            "reboot_setting": "",
            "resource_group_name": "football-data-hub-rg",
            "secret": [],
            "secure_boot_enabled": false,
            "size": "Standard_D2s_v3",
            "source_image_id": "",
            "source_image_reference": [
              {
                "offer": "0001-com-ubuntu-server-jammy",
                "publisher": "Canonical",
                "sku": "22_04-lts",
                "version": "latest"
              }
            ],
            "tags": {},
            "termination_notification": [],
            "timeouts": null,
            "user_data": "",
            "virtual_machine_id": "b0fadcd8-ec99-4058-8d6f-820abae81db3",
            "virtual_machine_scale_set_id": "",
            "vm_agent_platform_updates_enabled": false,
            "vtpm_enabled": false,
            "zone": ""
          },
          "sensitive_attributes": [],
          "private": "eyJlMmJmYjczMC1lY2FhLTExZTYtOGY4OC0zNDM2M2JjN2M0YzAiOnsiY3JlYXRlIjoyNzAwMDAwMDAwMDAwLCJkZWxldGUiOjI3MDAwMDAwMDAwMDAsInJlYWQiOjMwMDAwMDAwMDAwMCwidXBkYXRlIjoyNzAwMDAwMDAwMDAwfX0=",
          "dependencies": [
            "azurerm_resource_group.main",
            "module.compute.azurerm_network_interface.vm2",
            "module.network.azurerm_subnet.app",
            "module.network.azurerm_virtual_network.main"
          ]
        }
      ]
    },
    {
      "module": "module.compute",
      "mode": "managed",
      "type": "azurerm_linux_virtual_machine",
      "name": "vm3",
      "provider": "provider[\"registry.terraform.io/hashicorp/azurerm\"]",
      "instances": [
        {
          "schema_version": 0,
          "attributes": {
            "additional_capabilities": [],
            "admin_password": null,
            "admin_ssh_key": [
              {
                "public_key": "ssh-rsa AAAAB3NzaC1yc2EAAAADAQABAAABgQDJtqJ88bKRvhKGw4PDESamn8ja8qlowG6mTTOEs5egoFqou8l2TJd5SNC/09YbTV2dSfyeUqaDEDwiMI9TJ1JlnRvxdv5dJACUhIiWL7GKztLnoWEoI55lJ4u4l9jZeD9STFfGWlAmaceq4vzY94/aJvFZY4xcqoX26ubQUUaO1i2T2KWKNzX5wOpTAq7kVZDj0ALyLTxA1zEDDquKcXLDbZ4OfuyLGSOO4mXzpm+uk6mxyjH3fZViM2XGqYJkuK21fQ10kppFDKSJMsYkRMW2aAd/m1XFjYBRe0oZpSVLWp29fx1NT6udAT3awb/LcMSwkQawhvPoFJK5/VG2b7++uyJH25lBsu4g9LfAHydsP3Wa30BpDIpHUEUjzQObT8FWnVIKfxPnouRHPEdSQRS38qD7e5uMji2nIBN2CTU74RVqhuGqKx4KOziapGAm9V2LDZ25K3PXW4PWksnMiv9QJwgA0DZebVzfnpi4YPMeeZeTWYCem0JDzquzUUCp+Xk= sivonei@192.168.1.22\n",
                "username": "azureuser"
              }
            ],
            "admin_username": "azureuser",
            "allow_extension_operations": true,
            "availability_set_id": "",
            "boot_diagnostics": [],
            "bypass_platform_safety_checks_on_user_schedule_enabled": false,
            "capacity_reservation_group_id": "",
            "computer_name": "football-data-hub-vm3",
            "custom_data": null,
            "dedicated_host_group_id": "",
            "dedicated_host_id": "",
            "disable_password_authentication": true,
            "disk_controller_type": "",
            "edge_zone": "",
            "encryption_at_host_enabled": false,
            "eviction_policy": "",
            "extensions_time_budget": "PT1H30M",
            "gallery_application": [],
            "id": "/subscriptions/cabd595e-1190-4b94-baf2-1b8d38f95924/resourceGroups/football-data-hub-rg/providers/Microsoft.Compute/virtualMachines/football-data-hub-vm3",
            "identity": [],
            "license_type": "",
            "location": "spaincentral",
            "max_bid_price": -1,
            "name": "football-data-hub-vm3",
            "network_interface_ids": [
              "/subscriptions/cabd595e-1190-4b94-baf2-1b8d38f95924/resourceGroups/football-data-hub-rg/providers/Microsoft.Network/networkInterfaces/football-data-hub-vm3-nic"
            ],
            "os_disk": [
              {
                "caching": "ReadWrite",
                "diff_disk_settings": [],
                "disk_encryption_set_id": "",
                "disk_size_gb": 30,
                "name": "football-data-hub-vm3_OsDisk_1_d76ed1bc11004933a32811dde3288fba",
                "secure_vm_disk_encryption_set_id": "",
                "security_encryption_type": "",
                "storage_account_type": "Standard_LRS",
                "write_accelerator_enabled": false
              }
            ],
            "os_image_notification": [],
            "patch_assessment_mode": "ImageDefault",
            "patch_mode": "ImageDefault",
            "plan": [],
            "platform_fault_domain": -1,
            "priority": "Regular",
            "private_ip_address": "10.0.2.4",
            "private_ip_addresses": [
              "10.0.2.4"
            ],
            "provision_vm_agent": true,
            "proximity_placement_group_id": "",
            "public_ip_address": "",
            "public_ip_addresses": [],
            "reboot_setting": "",
            "resource_group_name": "football-data-hub-rg",
            "secret": [],
            "secure_boot_enabled": false,
            "size": "Standard_D2s_v3",
            "source_image_id": "",
            "source_image_reference": [
              {
                "offer": "0001-com-ubuntu-server-jammy",
                "publisher": "Canonical",
                "sku": "22_04-lts",
                "version": "latest"
              }
            ],
            "tags": {},
            "termination_notification": [],
            "timeouts": null,
            "user_data": "",
            "virtual_machine_id": "11894f52-cf76-47ef-accd-2c9b4910ff62",
            "virtual_machine_scale_set_id": "",
            "vm_agent_platform_updates_enabled": false,
            "vtpm_enabled": false,
            "zone": ""
          },
          "sensitive_attributes": [],
          "private": "eyJlMmJmYjczMC1lY2FhLTExZTYtOGY4OC0zNDM2M2JjN2M0YzAiOnsiY3JlYXRlIjoyNzAwMDAwMDAwMDAwLCJkZWxldGUiOjI3MDAwMDAwMDAwMDAsInJlYWQiOjMwMDAwMDAwMDAwMCwidXBkYXRlIjoyNzAwMDAwMDAwMDAwfX0=",
          "dependencies": [
            "azurerm_resource_group.main",
            "module.compute.azurerm_network_interface.vm3",
            "module.network.azurerm_subnet.monitoring",
            "module.network.azurerm_virtual_network.main"
          ]
        }
      ]
    },
    {
      "module": "module.compute",
      "mode": "managed",
      "type": "azurerm_network_interface",
      "name": "vm1",
      "provider": "provider[\"registry.terraform.io/hashicorp/azurerm\"]",
      "instances": [
        {
          "schema_version": 0,
          "attributes": {
            "accelerated_networking_enabled": false,
            "applied_dns_servers": [],
            "auxiliary_mode": "",
            "auxiliary_sku": "",
            "dns_servers": [],
            "edge_zone": "",
            "enable_accelerated_networking": false,
            "enable_ip_forwarding": false,
            "id": "/subscriptions/cabd595e-1190-4b94-baf2-1b8d38f95924/resourceGroups/football-data-hub-rg/providers/Microsoft.Network/networkInterfaces/football-data-hub-vm1-nic",
            "internal_dns_name_label": "",
            "internal_domain_name_suffix": "foxaeunk25fuvdhxv1stqkdieg.madx.internal.cloudapp.net",
            "ip_configuration": [
              {
                "gateway_load_balancer_frontend_ip_configuration_id": "",
                "name": "internal",
                "primary": true,
                "private_ip_address": "10.0.1.4",
                "private_ip_address_allocation": "Static",
                "private_ip_address_version": "IPv4",
                "public_ip_address_id": "",
                "subnet_id": "/subscriptions/cabd595e-1190-4b94-baf2-1b8d38f95924/resourceGroups/football-data-hub-rg/providers/Microsoft.Network/virtualNetworks/football-data-hub-vnet/subnets/subnet-app"
              }
            ],
            "ip_forwarding_enabled": false,
            "location": "spaincentral",
            "mac_address": "70-A8-A5-9A-07-92",
            "name": "football-data-hub-vm1-nic",
            "private_ip_address": "10.0.1.4",
            "private_ip_addresses": [
              "10.0.1.4"
            ],
            "resource_group_name": "football-data-hub-rg",
            "tags": {},
            "timeouts": null,
            "virtual_machine_id": "/subscriptions/cabd595e-1190-4b94-baf2-1b8d38f95924/resourceGroups/football-data-hub-rg/providers/Microsoft.Compute/virtualMachines/football-data-hub-vm1"
          },
          "sensitive_attributes": [],
          "private": "eyJlMmJmYjczMC1lY2FhLTExZTYtOGY4OC0zNDM2M2JjN2M0YzAiOnsiY3JlYXRlIjoxODAwMDAwMDAwMDAwLCJkZWxldGUiOjE4MDAwMDAwMDAwMDAsInJlYWQiOjMwMDAwMDAwMDAwMCwidXBkYXRlIjoxODAwMDAwMDAwMDAwfX0=",
          "dependencies": [
            "azurerm_resource_group.main",
            "module.network.azurerm_subnet.app",
            "module.network.azurerm_virtual_network.main"
          ]
        }
      ]
    },
    {
      "module": "module.compute",
      "mode": "managed",
      "type": "azurerm_network_interface",
      "name": "vm2",
      "provider": "provider[\"registry.terraform.io/hashicorp/azurerm\"]",
      "instances": [
        {
          "schema_version": 0,
          "attributes": {
            "accelerated_networking_enabled": false,
            "applied_dns_servers": [],
            "auxiliary_mode": "",
            "auxiliary_sku": "",
            "dns_servers": [],
            "edge_zone": "",
            "enable_accelerated_networking": false,
            "enable_ip_forwarding": false,
            "id": "/subscriptions/cabd595e-1190-4b94-baf2-1b8d38f95924/resourceGroups/football-data-hub-rg/providers/Microsoft.Network/networkInterfaces/football-data-hub-vm2-nic",
            "internal_dns_name_label": "",
            "internal_domain_name_suffix": "foxaeunk25fuvdhxv1stqkdieg.madx.internal.cloudapp.net",
            "ip_configuration": [
              {
                "gateway_load_balancer_frontend_ip_configuration_id": "",
                "name": "internal",
                "primary": true,
                "private_ip_address": "10.0.1.5",
                "private_ip_address_allocation": "Static",
                "private_ip_address_version": "IPv4",
                "public_ip_address_id": "",
                "subnet_id": "/subscriptions/cabd595e-1190-4b94-baf2-1b8d38f95924/resourceGroups/football-data-hub-rg/providers/Microsoft.Network/virtualNetworks/football-data-hub-vnet/subnets/subnet-app"
              }
            ],
            "ip_forwarding_enabled": false,
            "location": "spaincentral",
            "mac_address": "7C-ED-8D-16-4F-A4",
            "name": "football-data-hub-vm2-nic",
            "private_ip_address": "10.0.1.5",
            "private_ip_addresses": [
              "10.0.1.5"
            ],
            "resource_group_name": "football-data-hub-rg",
            "tags": {},
            "timeouts": null,
            "virtual_machine_id": "/subscriptions/cabd595e-1190-4b94-baf2-1b8d38f95924/resourceGroups/football-data-hub-rg/providers/Microsoft.Compute/virtualMachines/football-data-hub-vm2"
          },
          "sensitive_attributes": [],
          "private": "eyJlMmJmYjczMC1lY2FhLTExZTYtOGY4OC0zNDM2M2JjN2M0YzAiOnsiY3JlYXRlIjoxODAwMDAwMDAwMDAwLCJkZWxldGUiOjE4MDAwMDAwMDAwMDAsInJlYWQiOjMwMDAwMDAwMDAwMCwidXBkYXRlIjoxODAwMDAwMDAwMDAwfX0=",
          "dependencies": [
            "azurerm_resource_group.main",
            "module.network.azurerm_subnet.app",
            "module.network.azurerm_virtual_network.main"
          ]
        }
      ]
    },
    {
      "module": "module.compute",
      "mode": "managed",
      "type": "azurerm_network_interface",
      "name": "vm3",
      "provider": "provider[\"registry.terraform.io/hashicorp/azurerm\"]",
      "instances": [
        {
          "schema_version": 0,
          "attributes": {
            "accelerated_networking_enabled": false,
            "applied_dns_servers": [],
            "auxiliary_mode": "",
            "auxiliary_sku": "",
            "dns_servers": [],
            "edge_zone": "",
            "enable_accelerated_networking": false,
            "enable_ip_forwarding": false,
            "id": "/subscriptions/cabd595e-1190-4b94-baf2-1b8d38f95924/resourceGroups/football-data-hub-rg/providers/Microsoft.Network/networkInterfaces/football-data-hub-vm3-nic",
            "internal_dns_name_label": "",
            "internal_domain_name_suffix": "foxaeunk25fuvdhxv1stqkdieg.madx.internal.cloudapp.net",
            "ip_configuration": [
              {
                "gateway_load_balancer_frontend_ip_configuration_id": "",
                "name": "internal",
                "primary": true,
                "private_ip_address": "10.0.2.4",
                "private_ip_address_allocation": "Static",
                "private_ip_address_version": "IPv4",
                "public_ip_address_id": "",
                "subnet_id": "/subscriptions/cabd595e-1190-4b94-baf2-1b8d38f95924/resourceGroups/football-data-hub-rg/providers/Microsoft.Network/virtualNetworks/football-data-hub-vnet/subnets/subnet-monitoring"
              }
            ],
            "ip_forwarding_enabled": false,
            "location": "spaincentral",
            "mac_address": "70-A8-A5-99-E3-84",
            "name": "football-data-hub-vm3-nic",
            "private_ip_address": "10.0.2.4",
            "private_ip_addresses": [
              "10.0.2.4"
            ],
            "resource_group_name": "football-data-hub-rg",
            "tags": {},
            "timeouts": null,
            "virtual_machine_id": "/subscriptions/cabd595e-1190-4b94-baf2-1b8d38f95924/resourceGroups/football-data-hub-rg/providers/Microsoft.Compute/virtualMachines/football-data-hub-vm3"
          },
          "sensitive_attributes": [],
          "private": "eyJlMmJmYjczMC1lY2FhLTExZTYtOGY4OC0zNDM2M2JjN2M0YzAiOnsiY3JlYXRlIjoxODAwMDAwMDAwMDAwLCJkZWxldGUiOjE4MDAwMDAwMDAwMDAsInJlYWQiOjMwMDAwMDAwMDAwMCwidXBkYXRlIjoxODAwMDAwMDAwMDAwfX0=",
          "dependencies": [
            "azurerm_resource_group.main",
            "module.network.azurerm_subnet.monitoring",
            "module.network.azurerm_virtual_network.main"
          ]
        }
      ]
    },
    {
      "module": "module.network",
      "mode": "managed",
      "type": "azurerm_bastion_host",
      "name": "main",
      "provider": "provider[\"registry.terraform.io/hashicorp/azurerm\"]",
      "instances": [
        {
          "schema_version": 0,
          "attributes": {
            "copy_paste_enabled": true,
            "dns_name": "bst-c37195ef-95d9-47b0-bf38-4e2b1aae1027.bastion.azure.com",
            "file_copy_enabled": false,
            "id": "/subscriptions/cabd595e-1190-4b94-baf2-1b8d38f95924/resourceGroups/football-data-hub-rg/providers/Microsoft.Network/bastionHosts/football-data-hub-bastion",
            "ip_configuration": [
              {
                "name": "configuration",
                "public_ip_address_id": "/subscriptions/cabd595e-1190-4b94-baf2-1b8d38f95924/resourceGroups/football-data-hub-rg/providers/Microsoft.Network/publicIPAddresses/football-data-hub-bastion-ip",
                "subnet_id": "/subscriptions/cabd595e-1190-4b94-baf2-1b8d38f95924/resourceGroups/football-data-hub-rg/providers/Microsoft.Network/virtualNetworks/football-data-hub-vnet/subnets/AzureBastionSubnet"
              }
            ],
            "ip_connect_enabled": true,
            "kerberos_enabled": false,
            "location": "spaincentral",
            "name": "football-data-hub-bastion",
            "resource_group_name": "football-data-hub-rg",
            "scale_units": 2,
            "shareable_link_enabled": false,
            "sku": "Standard",
            "tags": {},
            "timeouts": null,
            "tunneling_enabled": true,
            "virtual_network_id": ""
          },
          "sensitive_attributes": [],
          "private": "eyJlMmJmYjczMC1lY2FhLTExZTYtOGY4OC0zNDM2M2JjN2M0YzAiOnsiY3JlYXRlIjoxODAwMDAwMDAwMDAwLCJkZWxldGUiOjE4MDAwMDAwMDAwMDAsInJlYWQiOjMwMDAwMDAwMDAwMCwidXBkYXRlIjoxODAwMDAwMDAwMDAwfX0=",
          "dependencies": [
            "azurerm_resource_group.main",
            "module.network.azurerm_public_ip.bastion",
            "module.network.azurerm_subnet.bastion"
          ]
        }
      ]
    },
    {
      "module": "module.network",
      "mode": "managed",
      "type": "azurerm_network_security_group",
      "name": "main",
      "provider": "provider[\"registry.terraform.io/hashicorp/azurerm\"]",
      "instances": [
        {
          "schema_version": 0,
          "attributes": {
            "id": "/subscriptions/cabd595e-1190-4b94-baf2-1b8d38f95924/resourceGroups/football-data-hub-rg/providers/Microsoft.Network/networkSecurityGroups/football-data-hub-nsg",
            "location": "spaincentral",
            "name": "football-data-hub-nsg",
            "resource_group_name": "football-data-hub-rg",
            "security_rule": [
              {
                "access": "Allow",
                "description": "",
                "destination_address_prefix": "*",
                "destination_address_prefixes": [],
                "destination_application_security_group_ids": [],
                "destination_port_range": "22",
                "destination_port_ranges": [],
                "direction": "Inbound",
                "name": "allow-ssh-from-bastion",
                "priority": 100,
                "protocol": "Tcp",
                "source_address_prefix": "10.0.0.0/26",
                "source_address_prefixes": [],
                "source_application_security_group_ids": [],
                "source_port_range": "*",
                "source_port_ranges": []
              },
              {
                "access": "Allow",
                "description": "",
                "destination_address_prefix": "*",
                "destination_address_prefixes": [],
                "destination_application_security_group_ids": [],
                "destination_port_range": "3000",
                "destination_port_ranges": [],
                "direction": "Inbound",
                "name": "allow-grafana-internal",
                "priority": 130,
                "protocol": "Tcp",
                "source_address_prefix": "10.0.0.0/16",
                "source_address_prefixes": [],
                "source_application_security_group_ids": [],
                "source_port_range": "*",
                "source_port_ranges": []
              },
              {
                "access": "Allow",
                "description": "",
                "destination_address_prefix": "*",
                "destination_address_prefixes": [],
                "destination_application_security_group_ids": [],
                "destination_port_range": "80",
                "destination_port_ranges": [],
                "direction": "Inbound",
                "name": "allow-http",
                "priority": 110,
                "protocol": "Tcp",
                "source_address_prefix": "*",
                "source_address_prefixes": [],
                "source_application_security_group_ids": [],
                "source_port_range": "*",
                "source_port_ranges": []
              },
              {
                "access": "Allow",
                "description": "",
                "destination_address_prefix": "*",
                "destination_address_prefixes": [],
                "destination_application_security_group_ids": [],
                "destination_port_range": "8000",
                "destination_port_ranges": [],
                "direction": "Inbound",
                "name": "allow-api",
                "priority": 120,
                "protocol": "Tcp",
                "source_address_prefix": "*",
                "source_address_prefixes": [],
                "source_application_security_group_ids": [],
                "source_port_range": "*",
                "source_port_ranges": []
              }
            ],
            "tags": {},
            "timeouts": null
          },
          "sensitive_attributes": [],
          "private": "eyJlMmJmYjczMC1lY2FhLTExZTYtOGY4OC0zNDM2M2JjN2M0YzAiOnsiY3JlYXRlIjoxODAwMDAwMDAwMDAwLCJkZWxldGUiOjE4MDAwMDAwMDAwMDAsInJlYWQiOjMwMDAwMDAwMDAwMCwidXBkYXRlIjoxODAwMDAwMDAwMDAwfX0=",
          "dependencies": [
            "azurerm_resource_group.main"
          ]
        }
      ]
    },
    {
      "module": "module.network",
      "mode": "managed",
      "type": "azurerm_public_ip",
      "name": "bastion",
      "provider": "provider[\"registry.terraform.io/hashicorp/azurerm\"]",
      "instances": [
        {
          "schema_version": 0,
          "attributes": {
            "allocation_method": "Static",
            "ddos_protection_mode": "VirtualNetworkInherited",
            "ddos_protection_plan_id": null,
            "domain_name_label": null,
            "edge_zone": "",
            "fqdn": null,
            "id": "/subscriptions/cabd595e-1190-4b94-baf2-1b8d38f95924/resourceGroups/football-data-hub-rg/providers/Microsoft.Network/publicIPAddresses/football-data-hub-bastion-ip",
            "idle_timeout_in_minutes": 4,
            "ip_address": "158.158.33.211",
            "ip_tags": {},
            "ip_version": "IPv4",
            "location": "spaincentral",
            "name": "football-data-hub-bastion-ip",
            "public_ip_prefix_id": null,
            "resource_group_name": "football-data-hub-rg",
            "reverse_fqdn": null,
            "sku": "Standard",
            "sku_tier": "Regional",
            "tags": {},
            "timeouts": null,
            "zones": []
          },
          "sensitive_attributes": [],
          "private": "eyJlMmJmYjczMC1lY2FhLTExZTYtOGY4OC0zNDM2M2JjN2M0YzAiOnsiY3JlYXRlIjoxODAwMDAwMDAwMDAwLCJkZWxldGUiOjE4MDAwMDAwMDAwMDAsInJlYWQiOjMwMDAwMDAwMDAwMCwidXBkYXRlIjoxODAwMDAwMDAwMDAwfX0=",
          "dependencies": [
            "azurerm_resource_group.main"
          ]
        }
      ]
    },
    {
      "module": "module.network",
      "mode": "managed",
      "type": "azurerm_subnet",
      "name": "app",
      "provider": "provider[\"registry.terraform.io/hashicorp/azurerm\"]",
      "instances": [
        {
          "schema_version": 0,
          "attributes": {
            "address_prefixes": [
              "10.0.1.0/24"
            ],
            "default_outbound_access_enabled": true,
            "delegation": [],
            "enforce_private_link_endpoint_network_policies": false,
            "enforce_private_link_service_network_policies": false,
            "id": "/subscriptions/cabd595e-1190-4b94-baf2-1b8d38f95924/resourceGroups/football-data-hub-rg/providers/Microsoft.Network/virtualNetworks/football-data-hub-vnet/subnets/subnet-app",
            "name": "subnet-app",
            "private_endpoint_network_policies": "Enabled",
            "private_endpoint_network_policies_enabled": true,
            "private_link_service_network_policies_enabled": true,
            "resource_group_name": "football-data-hub-rg",
            "service_endpoint_policy_ids": [],
            "service_endpoints": [],
            "timeouts": null,
            "virtual_network_name": "football-data-hub-vnet"
          },
          "sensitive_attributes": [],
          "private": "eyJlMmJmYjczMC1lY2FhLTExZTYtOGY4OC0zNDM2M2JjN2M0YzAiOnsiY3JlYXRlIjoxODAwMDAwMDAwMDAwLCJkZWxldGUiOjE4MDAwMDAwMDAwMDAsInJlYWQiOjMwMDAwMDAwMDAwMCwidXBkYXRlIjoxODAwMDAwMDAwMDAwfX0=",
          "dependencies": [
            "azurerm_resource_group.main",
            "module.network.azurerm_virtual_network.main"
          ]
        }
      ]
    },
    {
      "module": "module.network",
      "mode": "managed",
      "type": "azurerm_subnet",
      "name": "bastion",
      "provider": "provider[\"registry.terraform.io/hashicorp/azurerm\"]",
      "instances": [
        {
          "schema_version": 0,
          "attributes": {
            "address_prefixes": [
              "10.0.0.0/26"
            ],
            "default_outbound_access_enabled": true,
            "delegation": [],
            "enforce_private_link_endpoint_network_policies": false,
            "enforce_private_link_service_network_policies": false,
            "id": "/subscriptions/cabd595e-1190-4b94-baf2-1b8d38f95924/resourceGroups/football-data-hub-rg/providers/Microsoft.Network/virtualNetworks/football-data-hub-vnet/subnets/AzureBastionSubnet",
            "name": "AzureBastionSubnet",
            "private_endpoint_network_policies": "Enabled",
            "private_endpoint_network_policies_enabled": true,
            "private_link_service_network_policies_enabled": true,
            "resource_group_name": "football-data-hub-rg",
            "service_endpoint_policy_ids": [],
            "service_endpoints": [],
            "timeouts": null,
            "virtual_network_name": "football-data-hub-vnet"
          },
          "sensitive_attributes": [],
          "private": "eyJlMmJmYjczMC1lY2FhLTExZTYtOGY4OC0zNDM2M2JjN2M0YzAiOnsiY3JlYXRlIjoxODAwMDAwMDAwMDAwLCJkZWxldGUiOjE4MDAwMDAwMDAwMDAsInJlYWQiOjMwMDAwMDAwMDAwMCwidXBkYXRlIjoxODAwMDAwMDAwMDAwfX0=",
          "dependencies": [
            "azurerm_resource_group.main",
            "module.network.azurerm_virtual_network.main"
          ]
        }
      ]
    },
    {
      "module": "module.network",
      "mode": "managed",
      "type": "azurerm_subnet",
      "name": "management",
      "provider": "provider[\"registry.terraform.io/hashicorp/azurerm\"]",
      "instances": [
        {
          "schema_version": 0,
          "attributes": {
            "address_prefixes": [
              "10.0.3.0/24"
            ],
            "default_outbound_access_enabled": true,
            "delegation": [],
            "enforce_private_link_endpoint_network_policies": false,
            "enforce_private_link_service_network_policies": false,
            "id": "/subscriptions/cabd595e-1190-4b94-baf2-1b8d38f95924/resourceGroups/football-data-hub-rg/providers/Microsoft.Network/virtualNetworks/football-data-hub-vnet/subnets/subnet-management",
            "name": "subnet-management",
            "private_endpoint_network_policies": "Enabled",
            "private_endpoint_network_policies_enabled": true,
            "private_link_service_network_policies_enabled": true,
            "resource_group_name": "football-data-hub-rg",
            "service_endpoint_policy_ids": [],
            "service_endpoints": [],
            "timeouts": null,
            "virtual_network_name": "football-data-hub-vnet"
          },
          "sensitive_attributes": [],
          "private": "eyJlMmJmYjczMC1lY2FhLTExZTYtOGY4OC0zNDM2M2JjN2M0YzAiOnsiY3JlYXRlIjoxODAwMDAwMDAwMDAwLCJkZWxldGUiOjE4MDAwMDAwMDAwMDAsInJlYWQiOjMwMDAwMDAwMDAwMCwidXBkYXRlIjoxODAwMDAwMDAwMDAwfX0=",
          "dependencies": [
            "azurerm_resource_group.main",
            "module.network.azurerm_virtual_network.main"
          ]
        }
      ]
    },
    {
      "module": "module.network",
      "mode": "managed",
      "type": "azurerm_subnet",
      "name": "monitoring",
      "provider": "provider[\"registry.terraform.io/hashicorp/azurerm\"]",
      "instances": [
        {
          "schema_version": 0,
          "attributes": {
            "address_prefixes": [
              "10.0.2.0/24"
            ],
            "default_outbound_access_enabled": true,
            "delegation": [],
            "enforce_private_link_endpoint_network_policies": false,
            "enforce_private_link_service_network_policies": false,
            "id": "/subscriptions/cabd595e-1190-4b94-baf2-1b8d38f95924/resourceGroups/football-data-hub-rg/providers/Microsoft.Network/virtualNetworks/football-data-hub-vnet/subnets/subnet-monitoring",
            "name": "subnet-monitoring",
            "private_endpoint_network_policies": "Enabled",
            "private_endpoint_network_policies_enabled": true,
            "private_link_service_network_policies_enabled": true,
            "resource_group_name": "football-data-hub-rg",
            "service_endpoint_policy_ids": [],
            "service_endpoints": [],
            "timeouts": null,
            "virtual_network_name": "football-data-hub-vnet"
          },
          "sensitive_attributes": [],
          "private": "eyJlMmJmYjczMC1lY2FhLTExZTYtOGY4OC0zNDM2M2JjN2M0YzAiOnsiY3JlYXRlIjoxODAwMDAwMDAwMDAwLCJkZWxldGUiOjE4MDAwMDAwMDAwMDAsInJlYWQiOjMwMDAwMDAwMDAwMCwidXBkYXRlIjoxODAwMDAwMDAwMDAwfX0=",
          "dependencies": [
            "azurerm_resource_group.main",
            "module.network.azurerm_virtual_network.main"
          ]
        }
      ]
    },
    {
      "module": "module.network",
      "mode": "managed",
      "type": "azurerm_subnet_network_security_group_association",
      "name": "app",
      "provider": "provider[\"registry.terraform.io/hashicorp/azurerm\"]",
      "instances": [
        {
          "schema_version": 0,
          "attributes": {
            "id": "/subscriptions/cabd595e-1190-4b94-baf2-1b8d38f95924/resourceGroups/football-data-hub-rg/providers/Microsoft.Network/virtualNetworks/football-data-hub-vnet/subnets/subnet-app",
            "network_security_group_id": "/subscriptions/cabd595e-1190-4b94-baf2-1b8d38f95924/resourceGroups/football-data-hub-rg/providers/Microsoft.Network/networkSecurityGroups/football-data-hub-nsg",
            "subnet_id": "/subscriptions/cabd595e-1190-4b94-baf2-1b8d38f95924/resourceGroups/football-data-hub-rg/providers/Microsoft.Network/virtualNetworks/football-data-hub-vnet/subnets/subnet-app",
            "timeouts": null
          },
          "sensitive_attributes": [],
          "private": "eyJlMmJmYjczMC1lY2FhLTExZTYtOGY4OC0zNDM2M2JjN2M0YzAiOnsiY3JlYXRlIjoxODAwMDAwMDAwMDAwLCJkZWxldGUiOjE4MDAwMDAwMDAwMDAsInJlYWQiOjMwMDAwMDAwMDAwMH19",
          "dependencies": [
            "azurerm_resource_group.main",
            "module.network.azurerm_network_security_group.main",
            "module.network.azurerm_subnet.app",
            "module.network.azurerm_virtual_network.main"
          ]
        }
      ]
    },
    {
      "module": "module.network",
      "mode": "managed",
      "type": "azurerm_subnet_network_security_group_association",
      "name": "monitoring",
      "provider": "provider[\"registry.terraform.io/hashicorp/azurerm\"]",
      "instances": [
        {
          "schema_version": 0,
          "attributes": {
            "id": "/subscriptions/cabd595e-1190-4b94-baf2-1b8d38f95924/resourceGroups/football-data-hub-rg/providers/Microsoft.Network/virtualNetworks/football-data-hub-vnet/subnets/subnet-monitoring",
            "network_security_group_id": "/subscriptions/cabd595e-1190-4b94-baf2-1b8d38f95924/resourceGroups/football-data-hub-rg/providers/Microsoft.Network/networkSecurityGroups/football-data-hub-nsg",
            "subnet_id": "/subscriptions/cabd595e-1190-4b94-baf2-1b8d38f95924/resourceGroups/football-data-hub-rg/providers/Microsoft.Network/virtualNetworks/football-data-hub-vnet/subnets/subnet-monitoring",
            "timeouts": null
          },
          "sensitive_attributes": [],
          "private": "eyJlMmJmYjczMC1lY2FhLTExZTYtOGY4OC0zNDM2M2JjN2M0YzAiOnsiY3JlYXRlIjoxODAwMDAwMDAwMDAwLCJkZWxldGUiOjE4MDAwMDAwMDAwMDAsInJlYWQiOjMwMDAwMDAwMDAwMH19",
          "dependencies": [
            "azurerm_resource_group.main",
            "module.network.azurerm_network_security_group.main",
            "module.network.azurerm_subnet.monitoring",
            "module.network.azurerm_virtual_network.main"
          ]
        }
      ]
    },
    {
      "module": "module.network",
      "mode": "managed",
      "type": "azurerm_virtual_network",
      "name": "main",
      "provider": "provider[\"registry.terraform.io/hashicorp/azurerm\"]",
      "instances": [
        {
          "schema_version": 0,
          "attributes": {
            "address_space": [
              "10.0.0.0/16"
            ],
            "bgp_community": "",
            "ddos_protection_plan": [],
            "dns_servers": [],
            "edge_zone": "",
            "encryption": [],
            "flow_timeout_in_minutes": 0,
            "guid": "5102ae2b-e7aa-4acb-8cf7-aee538286826",
            "id": "/subscriptions/cabd595e-1190-4b94-baf2-1b8d38f95924/resourceGroups/football-data-hub-rg/providers/Microsoft.Network/virtualNetworks/football-data-hub-vnet",
            "location": "spaincentral",
            "name": "football-data-hub-vnet",
            "resource_group_name": "football-data-hub-rg",
            "subnet": [
              {
                "address_prefix": "10.0.0.0/26",
                "id": "/subscriptions/cabd595e-1190-4b94-baf2-1b8d38f95924/resourceGroups/football-data-hub-rg/providers/Microsoft.Network/virtualNetworks/football-data-hub-vnet/subnets/AzureBastionSubnet",
                "name": "AzureBastionSubnet",
                "security_group": ""
              },
              {
                "address_prefix": "10.0.1.0/24",
                "id": "/subscriptions/cabd595e-1190-4b94-baf2-1b8d38f95924/resourceGroups/football-data-hub-rg/providers/Microsoft.Network/virtualNetworks/football-data-hub-vnet/subnets/subnet-app",
                "name": "subnet-app",
                "security_group": "/subscriptions/cabd595e-1190-4b94-baf2-1b8d38f95924/resourceGroups/football-data-hub-rg/providers/Microsoft.Network/networkSecurityGroups/football-data-hub-nsg"
              },
              {
                "address_prefix": "10.0.2.0/24",
                "id": "/subscriptions/cabd595e-1190-4b94-baf2-1b8d38f95924/resourceGroups/football-data-hub-rg/providers/Microsoft.Network/virtualNetworks/football-data-hub-vnet/subnets/subnet-monitoring",
                "name": "subnet-monitoring",
                "security_group": "/subscriptions/cabd595e-1190-4b94-baf2-1b8d38f95924/resourceGroups/football-data-hub-rg/providers/Microsoft.Network/networkSecurityGroups/football-data-hub-nsg"
              },
              {
                "address_prefix": "10.0.3.0/24",
                "id": "/subscriptions/cabd595e-1190-4b94-baf2-1b8d38f95924/resourceGroups/football-data-hub-rg/providers/Microsoft.Network/virtualNetworks/football-data-hub-vnet/subnets/subnet-management",
                "name": "subnet-management",
                "security_group": ""
              }
            ],
            "tags": {},
            "timeouts": null
          },
          "sensitive_attributes": [],
          "private": "eyJlMmJmYjczMC1lY2FhLTExZTYtOGY4OC0zNDM2M2JjN2M0YzAiOnsiY3JlYXRlIjoxODAwMDAwMDAwMDAwLCJkZWxldGUiOjE4MDAwMDAwMDAwMDAsInJlYWQiOjMwMDAwMDAwMDAwMCwidXBkYXRlIjoxODAwMDAwMDAwMDAwfX0=",
          "dependencies": [
            "azurerm_resource_group.main"
          ]
        }
      ]
    }
  ],
  "check_results": null
}
